
Microsoft Visual Studio Solution File, Format Version 12.00
# Visual Studio Version 17
VisualStudioVersion = 17.14.36518.9 d17.14
MinimumVisualStudioVersion = 10.0.40219.1
Project("{FAE04EC0-301F-11D3-BF4B-00C04F79EFBC}") = "计数器", "计数器\计数器.csproj", "{40B038CD-BC38-43AB-BB2D-4407D7A25301}"
EndProject
Global
	GlobalSection(SolutionConfigurationPlatforms) = preSolution
		Debug|Any CPU = Debug|Any CPU
		Release|Any CPU = Release|Any CPU
	EndGlobalSection
	GlobalSection(ProjectConfigurationPlatforms) = postSolution
		{40B038CD-BC38-43AB-BB2D-4407D7A25301}.Debug|Any CPU.ActiveCfg = Debug|Any CPU
		{40B038CD-BC38-43AB-BB2D-4407D7A25301}.Debug|Any CPU.Build.0 = Debug|Any CPU
		{40B038CD-BC38-43AB-BB2D-4407D7A25301}.Release|Any CPU.ActiveCfg = Release|Any CPU
		{40B038CD-BC38-43AB-BB2D-4407D7A25301}.Release|Any CPU.Build.0 = Release|Any CPU
	EndGlobalSection
	GlobalSection(SolutionProperties) = preSolution
		HideSolutionNode = FALSE
	EndGlobalSection
	GlobalSection(ExtensibilityGlobals) = postSolution
		SolutionGuid = {4942CF07-E647-4E98-A28E-0D5A7C59BE4F}
	EndGlobalSection
EndGlobal
