
Microsoft Visual Studio Solution File, Format Version 12.00
# Visual Studio Version 17
VisualStudioVersion = 17.14.36518.9 d17.14
MinimumVisualStudioVersion = 10.0.40219.1
Project("{FAE04EC0-301F-11D3-BF4B-00C04F79EFBC}") = "hello world", "hello world\hello world.csproj", "{F0143488-4855-4A72-931B-3F9BBE2D81EF}"
EndProject
Global
	GlobalSection(SolutionConfigurationPlatforms) = preSolution
		Debug|Any CPU = Debug|Any CPU
		Release|Any CPU = Release|Any CPU
	EndGlobalSection
	GlobalSection(ProjectConfigurationPlatforms) = postSolution
		{F0143488-4855-4A72-931B-3F9BBE2D81EF}.Debug|Any CPU.ActiveCfg = Debug|Any CPU
		{F0143488-4855-4A72-931B-3F9BBE2D81EF}.Debug|Any CPU.Build.0 = Debug|Any CPU
		{F0143488-4855-4A72-931B-3F9BBE2D81EF}.Release|Any CPU.ActiveCfg = Release|Any CPU
		{F0143488-4855-4A72-931B-3F9BBE2D81EF}.Release|Any CPU.Build.0 = Release|Any CPU
	EndGlobalSection
	GlobalSection(SolutionProperties) = preSolution
		HideSolutionNode = FALSE
	EndGlobalSection
	GlobalSection(ExtensibilityGlobals) = postSolution
		SolutionGuid = {737390D7-D299-4595-ABD6-083DADAA7BE3}
	EndGlobalSection
EndGlobal
