
Microsoft Visual Studio Solution File, Format Version 12.00
# Visual Studio Version 17
VisualStudioVersion = 17.14.36518.9 d17.14
MinimumVisualStudioVersion = 10.0.40219.1
Project("{FAE04EC0-301F-11D3-BF4B-00C04F79EFBC}") = "ConsoleApp1", "ConsoleApp1\ConsoleApp1.csproj", "{58F5FCE0-1E9A-43E4-A31D-17B2AA9FEDE4}"
EndProject
Global
	GlobalSection(SolutionConfigurationPlatforms) = preSolution
		Debug|Any CPU = Debug|Any CPU
		Release|Any CPU = Release|Any CPU
	EndGlobalSection
	GlobalSection(ProjectConfigurationPlatforms) = postSolution
		{58F5FCE0-1E9A-43E4-A31D-17B2AA9FEDE4}.Debug|Any CPU.ActiveCfg = Debug|Any CPU
		{58F5FCE0-1E9A-43E4-A31D-17B2AA9FEDE4}.Debug|Any CPU.Build.0 = Debug|Any CPU
		{58F5FCE0-1E9A-43E4-A31D-17B2AA9FEDE4}.Release|Any CPU.ActiveCfg = Release|Any CPU
		{58F5FCE0-1E9A-43E4-A31D-17B2AA9FEDE4}.Release|Any CPU.Build.0 = Release|Any CPU
	EndGlobalSection
	GlobalSection(SolutionProperties) = preSolution
		HideSolutionNode = FALSE
	EndGlobalSection
	GlobalSection(ExtensibilityGlobals) = postSolution
		SolutionGuid = {31B714FF-7C22-4958-8427-77CFA24D39F5}
	EndGlobalSection
EndGlobal
