
Microsoft Visual Studio Solution File, Format Version 12.00
# Visual Studio Version 17
VisualStudioVersion = 17.14.36518.9 d17.14
MinimumVisualStudioVersion = 10.0.40219.1
Project("{FAE04EC0-301F-11D3-BF4B-00C04F79EFBC}") = "WpfCustomControlLibrary1", "WpfCustomControlLibrary1\WpfCustomControlLibrary1.csproj", "{C751CA16-EA79-4372-AD41-BF9157285FB7}"
EndProject
Global
	GlobalSection(SolutionConfigurationPlatforms) = preSolution
		Debug|Any CPU = Debug|Any CPU
		Release|Any CPU = Release|Any CPU
	EndGlobalSection
	GlobalSection(ProjectConfigurationPlatforms) = postSolution
		{C751CA16-EA79-4372-AD41-BF9157285FB7}.Debug|Any CPU.ActiveCfg = Debug|Any CPU
		{C751CA16-EA79-4372-AD41-BF9157285FB7}.Debug|Any CPU.Build.0 = Debug|Any CPU
		{C751CA16-EA79-4372-AD41-BF9157285FB7}.Release|Any CPU.ActiveCfg = Release|Any CPU
		{C751CA16-EA79-4372-AD41-BF9157285FB7}.Release|Any CPU.Build.0 = Release|Any CPU
	EndGlobalSection
	GlobalSection(SolutionProperties) = preSolution
		HideSolutionNode = FALSE
	EndGlobalSection
	GlobalSection(ExtensibilityGlobals) = postSolution
		SolutionGuid = {F8D48F7F-EAD6-4C67-AF59-5C8574C167F7}
	EndGlobalSection
EndGlobal
